{
  "version": 4,
  "terraform_version": "0.12.28",
  "serial": 1,
  "lineage": "85178c98-7ad9-2dff-c000-eb71d1d84d6c",
  "outputs": {},
  "resources": [
    {
      "mode": "managed",
      "type": "fastly_service_v1",
      "name": "fastly_waf_demo",
      "provider": "provider.fastly",
      "instances": [
        {
          "schema_version": 0,
          "attributes": {
            "acl": [],
            "activate": null,
            "active_version": 1,
            "backend": [
              {
                "address": "chenrui.dev",
                "auto_loadbalance": false,
                "between_bytes_timeout": 10000,
                "connect_timeout": 1000,
                "error_threshold": 0,
                "first_byte_timeout": 15000,
                "healthcheck": "",
                "max_conn": 200,
                "max_tls_version": "",
                "min_tls_version": "",
                "name": "Host 1",
                "override_host": "",
                "port": 443,
                "request_condition": "",
                "shield": "",
                "ssl_ca_cert": "",
                "ssl_cert_hostname": "chenrui.dev",
                "ssl_check_cert": true,
                "ssl_ciphers": "",
                "ssl_client_cert": "",
                "ssl_client_key": "",
                "ssl_hostname": "",
                "ssl_sni_hostname": "chenrui.dev",
                "use_ssl": true,
                "weight": 100
              }
            ],
            "bigquerylogging": [],
            "blobstoragelogging": [],
            "cache_setting": [],
            "cloned_version": null,
            "comment": "",
            "condition": [],
            "default_host": "",
            "default_ttl": 3600,
            "dictionary": [],
            "director": [],
            "domain": [
              {
                "comment": "test domain",
                "name": "chenrui.dev"
              }
            ],
            "dynamicsnippet": [],
            "force_destroy": null,
            "gcslogging": [],
            "gzip": [],
            "header": [],
            "healthcheck": [],
            "httpslogging": [],
            "id": "5VAbPN7yrpQ07kfUxAwlOU",
            "logentries": [],
            "logging_cloudfiles": [],
            "logging_datadog": [],
            "logging_digitalocean": [],
            "logging_elasticsearch": [],
            "logging_ftp": [],
            "logging_googlepubsub": [],
            "logging_heroku": [],
            "logging_honeycomb": [],
            "logging_kafka": [],
            "logging_loggly": [],
            "logging_logshuttle": [],
            "logging_newrelic": [],
            "logging_openstack": [],
            "logging_scalyr": [],
            "logging_sftp": [],
            "name": "fastly-waf-test",
            "papertrail": [],
            "request_setting": [],
            "response_object": [],
            "s3logging": [],
            "snippet": [],
            "splunk": [],
            "sumologic": [],
            "syslog": [],
            "vcl": [],
            "version_comment": ""
          },
          "private": "eyJzY2hlbWFfdmVyc2lvbiI6IjAifQ=="
        }
      ]
    }
  ]
}
